
Microsoft Visual Studio Solution File, Format Version 12.00
# Visual Studio 15
VisualStudioVersion = 15.0.27428.2005
MinimumVisualStudioVersion = 10.0.40219.1
Project("{FAE04EC0-301F-11D3-BF4B-00C04F79EFBC}") = "UNASP.MBarber.UI.Web", "UNASP.MBarber.UI.Web\UNASP.MBarber.UI.Web.csproj", "{798B417E-9956-482A-92EF-3EEF7F180B9C}"
EndProject
Project("{FAE04EC0-301F-11D3-BF4B-00C04F79EFBC}") = "UNASP.MBarber.Repository", "UNASP.MBarber.Repository\UNASP.MBarber.Repository.csproj", "{86579E44-219E-4FA4-A265-F6A360A11E71}"
EndProject
Project("{FAE04EC0-301F-11D3-BF4B-00C04F79EFBC}") = "UNASP.MBarber.DataAccess", "UNASP.MBarber.DAO\UNASP.MBarber.DataAccess.csproj", "{3654F7BD-50B2-40BB-B511-CC0A6901DA7A}"
EndProject
Project("{FAE04EC0-301F-11D3-BF4B-00C04F79EFBC}") = "UNASP.MBarber.DataTransferObject", "UNASP.MBarber.DataTransferObject\UNASP.MBarber.DataTransferObject.csproj", "{0C7DF22A-E29D-49AC-B667-C33635A7A6E6}"
EndProject
Project("{FAE04EC0-301F-11D3-BF4B-00C04F79EFBC}") = "UNASP.MBarber.Common", "UNASP.MBarber.Common\UNASP.MBarber.Common.csproj", "{A9FB1ABA-EA3D-40BA-8D80-213B284A2511}"
EndProject
Global
	GlobalSection(SolutionConfigurationPlatforms) = preSolution
		Debug|Any CPU = Debug|Any CPU
		Release|Any CPU = Release|Any CPU
	EndGlobalSection
	GlobalSection(ProjectConfigurationPlatforms) = postSolution
		{798B417E-9956-482A-92EF-3EEF7F180B9C}.Debug|Any CPU.ActiveCfg = Debug|Any CPU
		{798B417E-9956-482A-92EF-3EEF7F180B9C}.Debug|Any CPU.Build.0 = Debug|Any CPU
		{798B417E-9956-482A-92EF-3EEF7F180B9C}.Release|Any CPU.ActiveCfg = Release|Any CPU
		{798B417E-9956-482A-92EF-3EEF7F180B9C}.Release|Any CPU.Build.0 = Release|Any CPU
		{86579E44-219E-4FA4-A265-F6A360A11E71}.Debug|Any CPU.ActiveCfg = Debug|Any CPU
		{86579E44-219E-4FA4-A265-F6A360A11E71}.Debug|Any CPU.Build.0 = Debug|Any CPU
		{86579E44-219E-4FA4-A265-F6A360A11E71}.Release|Any CPU.ActiveCfg = Release|Any CPU
		{86579E44-219E-4FA4-A265-F6A360A11E71}.Release|Any CPU.Build.0 = Release|Any CPU
		{3654F7BD-50B2-40BB-B511-CC0A6901DA7A}.Debug|Any CPU.ActiveCfg = Debug|Any CPU
		{3654F7BD-50B2-40BB-B511-CC0A6901DA7A}.Debug|Any CPU.Build.0 = Debug|Any CPU
		{3654F7BD-50B2-40BB-B511-CC0A6901DA7A}.Release|Any CPU.ActiveCfg = Release|Any CPU
		{3654F7BD-50B2-40BB-B511-CC0A6901DA7A}.Release|Any CPU.Build.0 = Release|Any CPU
		{0C7DF22A-E29D-49AC-B667-C33635A7A6E6}.Debug|Any CPU.ActiveCfg = Debug|Any CPU
		{0C7DF22A-E29D-49AC-B667-C33635A7A6E6}.Debug|Any CPU.Build.0 = Debug|Any CPU
		{0C7DF22A-E29D-49AC-B667-C33635A7A6E6}.Release|Any CPU.ActiveCfg = Release|Any CPU
		{0C7DF22A-E29D-49AC-B667-C33635A7A6E6}.Release|Any CPU.Build.0 = Release|Any CPU
		{A9FB1ABA-EA3D-40BA-8D80-213B284A2511}.Debug|Any CPU.ActiveCfg = Debug|Any CPU
		{A9FB1ABA-EA3D-40BA-8D80-213B284A2511}.Debug|Any CPU.Build.0 = Debug|Any CPU
		{A9FB1ABA-EA3D-40BA-8D80-213B284A2511}.Release|Any CPU.ActiveCfg = Release|Any CPU
		{A9FB1ABA-EA3D-40BA-8D80-213B284A2511}.Release|Any CPU.Build.0 = Release|Any CPU
	EndGlobalSection
	GlobalSection(SolutionProperties) = preSolution
		HideSolutionNode = FALSE
	EndGlobalSection
	GlobalSection(ExtensibilityGlobals) = postSolution
		SolutionGuid = {3562582C-467A-4B47-A81D-4F44FF87BC4F}
	EndGlobalSection
EndGlobal
