
Microsoft Visual Studio Solution File, Format Version 12.00
# Visual Studio 15
VisualStudioVersion = 15.0.27004.2006
MinimumVisualStudioVersion = 10.0.40219.1
Project("{FAE04EC0-301F-11D3-BF4B-00C04F79EFBC}") = "MbarberCadastro", "MbarberCadastro\MbarberCadastro.csproj", "{041899C2-2B97-4B2C-8E24-7ED7BD931631}"
EndProject
Project("{2150E333-8FDC-42A3-9474-1A3956D46DE8}") = "Acesso a Dados", "Acesso a Dados", "{5A95348A-E5E0-4CBA-B332-EBD789C5600F}"
EndProject
Project("{2150E333-8FDC-42A3-9474-1A3956D46DE8}") = "Negócio", "Negócio", "{778AE886-78A8-41D5-9684-5A3A5747A4D8}"
EndProject
Project("{FAE04EC0-301F-11D3-BF4B-00C04F79EFBC}") = "UNASP.ProjetoCRUD.Web", "UNASP.ProjetoCRUD.Web\UNASP.ProjetoCRUD.Web.csproj", "{6119B001-5115-4A7F-A3A2-E8E6B9186501}"
EndProject
Project("{2150E333-8FDC-42A3-9474-1A3956D46DE8}") = "Apresentação", "Apresentação", "{5B5F17FE-5FB4-43B5-A833-02541A8639CF}"
EndProject
Project("{FAE04EC0-301F-11D3-BF4B-00C04F79EFBC}") = "UNASP.MBarber.Business", "UNASP.MBarber.Business\UNASP.MBarber.Business.csproj", "{22F891B6-F467-4F15-8BE0-05E3673C8494}"
EndProject
Project("{FAE04EC0-301F-11D3-BF4B-00C04F79EFBC}") = "UNASP.MBarber.DAO", "UNASP.MBarber.DAO\UNASP.MBarber.DAO.csproj", "{DBA8CA9C-7112-405D-96B2-7A4D579C5986}"
EndProject
Project("{FAE04EC0-301F-11D3-BF4B-00C04F79EFBC}") = "UNASP.MBarber.DTO", "UNASP.MBarber.DTO\UNASP.MBarber.DTO.csproj", "{4873726D-F19B-4C86-9767-3E2B0FDB0161}"
EndProject
Project("{FAE04EC0-301F-11D3-BF4B-00C04F79EFBC}") = "UNASP.MBarber.Web", "UNASP.MBarber.Web\UNASP.MBarber.Web.csproj", "{6F6B871C-17DE-4C6E-B590-11B0D3ABB710}"
EndProject
Project("{2150E333-8FDC-42A3-9474-1A3956D46DE8}") = "Armazenamento de Dados", "Armazenamento de Dados", "{A051A201-7DC4-4AD8-90D3-07B29E448C55}"
EndProject
Project("{FAE04EC0-301F-11D3-BF4B-00C04F79EFBC}") = "UNASP.MBarber.Repository", "UNASP.MBarber.Repository\UNASP.MBarber.Repository.csproj", "{60D4EAA1-D251-49DF-BA01-B8D2FA2C5F10}"
EndProject
Global
	GlobalSection(SolutionConfigurationPlatforms) = preSolution
		Debug|Any CPU = Debug|Any CPU
		Release|Any CPU = Release|Any CPU
	EndGlobalSection
	GlobalSection(ProjectConfigurationPlatforms) = postSolution
		{041899C2-2B97-4B2C-8E24-7ED7BD931631}.Debug|Any CPU.ActiveCfg = Debug|Any CPU
		{041899C2-2B97-4B2C-8E24-7ED7BD931631}.Debug|Any CPU.Build.0 = Debug|Any CPU
		{041899C2-2B97-4B2C-8E24-7ED7BD931631}.Release|Any CPU.ActiveCfg = Release|Any CPU
		{041899C2-2B97-4B2C-8E24-7ED7BD931631}.Release|Any CPU.Build.0 = Release|Any CPU
		{6119B001-5115-4A7F-A3A2-E8E6B9186501}.Debug|Any CPU.ActiveCfg = Debug|Any CPU
		{6119B001-5115-4A7F-A3A2-E8E6B9186501}.Debug|Any CPU.Build.0 = Debug|Any CPU
		{6119B001-5115-4A7F-A3A2-E8E6B9186501}.Release|Any CPU.ActiveCfg = Release|Any CPU
		{6119B001-5115-4A7F-A3A2-E8E6B9186501}.Release|Any CPU.Build.0 = Release|Any CPU
		{22F891B6-F467-4F15-8BE0-05E3673C8494}.Debug|Any CPU.ActiveCfg = Debug|Any CPU
		{22F891B6-F467-4F15-8BE0-05E3673C8494}.Debug|Any CPU.Build.0 = Debug|Any CPU
		{22F891B6-F467-4F15-8BE0-05E3673C8494}.Release|Any CPU.ActiveCfg = Release|Any CPU
		{22F891B6-F467-4F15-8BE0-05E3673C8494}.Release|Any CPU.Build.0 = Release|Any CPU
		{DBA8CA9C-7112-405D-96B2-7A4D579C5986}.Debug|Any CPU.ActiveCfg = Debug|Any CPU
		{DBA8CA9C-7112-405D-96B2-7A4D579C5986}.Debug|Any CPU.Build.0 = Debug|Any CPU
		{DBA8CA9C-7112-405D-96B2-7A4D579C5986}.Release|Any CPU.ActiveCfg = Release|Any CPU
		{DBA8CA9C-7112-405D-96B2-7A4D579C5986}.Release|Any CPU.Build.0 = Release|Any CPU
		{4873726D-F19B-4C86-9767-3E2B0FDB0161}.Debug|Any CPU.ActiveCfg = Debug|Any CPU
		{4873726D-F19B-4C86-9767-3E2B0FDB0161}.Debug|Any CPU.Build.0 = Debug|Any CPU
		{4873726D-F19B-4C86-9767-3E2B0FDB0161}.Release|Any CPU.ActiveCfg = Release|Any CPU
		{4873726D-F19B-4C86-9767-3E2B0FDB0161}.Release|Any CPU.Build.0 = Release|Any CPU
		{6F6B871C-17DE-4C6E-B590-11B0D3ABB710}.Debug|Any CPU.ActiveCfg = Debug|Any CPU
		{6F6B871C-17DE-4C6E-B590-11B0D3ABB710}.Debug|Any CPU.Build.0 = Debug|Any CPU
		{6F6B871C-17DE-4C6E-B590-11B0D3ABB710}.Release|Any CPU.ActiveCfg = Release|Any CPU
		{6F6B871C-17DE-4C6E-B590-11B0D3ABB710}.Release|Any CPU.Build.0 = Release|Any CPU
		{60D4EAA1-D251-49DF-BA01-B8D2FA2C5F10}.Debug|Any CPU.ActiveCfg = Debug|Any CPU
		{60D4EAA1-D251-49DF-BA01-B8D2FA2C5F10}.Debug|Any CPU.Build.0 = Debug|Any CPU
		{60D4EAA1-D251-49DF-BA01-B8D2FA2C5F10}.Release|Any CPU.ActiveCfg = Release|Any CPU
		{60D4EAA1-D251-49DF-BA01-B8D2FA2C5F10}.Release|Any CPU.Build.0 = Release|Any CPU
	EndGlobalSection
	GlobalSection(SolutionProperties) = preSolution
		HideSolutionNode = FALSE
	EndGlobalSection
	GlobalSection(NestedProjects) = preSolution
		{041899C2-2B97-4B2C-8E24-7ED7BD931631} = {5B5F17FE-5FB4-43B5-A833-02541A8639CF}
		{6119B001-5115-4A7F-A3A2-E8E6B9186501} = {5B5F17FE-5FB4-43B5-A833-02541A8639CF}
		{22F891B6-F467-4F15-8BE0-05E3673C8494} = {778AE886-78A8-41D5-9684-5A3A5747A4D8}
		{DBA8CA9C-7112-405D-96B2-7A4D579C5986} = {5A95348A-E5E0-4CBA-B332-EBD789C5600F}
		{4873726D-F19B-4C86-9767-3E2B0FDB0161} = {A051A201-7DC4-4AD8-90D3-07B29E448C55}
		{6F6B871C-17DE-4C6E-B590-11B0D3ABB710} = {5B5F17FE-5FB4-43B5-A833-02541A8639CF}
		{60D4EAA1-D251-49DF-BA01-B8D2FA2C5F10} = {5A95348A-E5E0-4CBA-B332-EBD789C5600F}
	EndGlobalSection
	GlobalSection(ExtensibilityGlobals) = postSolution
		SolutionGuid = {A58D8D93-E362-4B6B-8D99-752E9763F40F}
	EndGlobalSection
EndGlobal
